{
  "requires": true,
  "lockfileVersion": 1,
  "dependencies": {
    "simpleblogsearch": {
      "version": "0.0.7",
      "resolved": "https://registry.npmjs.org/simpleblogsearch/-/simpleblogsearch-0.0.7.tgz",
      "integrity": "sha512-Qu1C+/H/nyInxpSS1GRTcC0FJVKoNQaWnKoRW+nVz05WElUSlLU95s4zB09nSEoUCl9vHUG4dwOyk3Gsn5ByGQ=="
    }
  }
}
