{
  "requires": true,
  "lockfileVersion": 1,
  "dependencies": {
    "fuzzysearch": {
      "version": "1.0.3",
      "resolved": "https://registry.npmjs.org/fuzzysearch/-/fuzzysearch-1.0.3.tgz",
      "integrity": "sha1-3/yA9tawQiPyImqnndGUIxCW0Ag="
    },
    "simple-jekyll-search": {
      "version": "1.5.0",
      "resolved": "https://registry.npmjs.org/simple-jekyll-search/-/simple-jekyll-search-1.5.0.tgz",
      "integrity": "sha512-IofWaJYCY4rg4DDc33KDC3EqOtMZuALybXRxrIJ/UTvvdtW68L/EIjfeO40iYmcdAhzcPBSzskgYjOI8Sv6YOg==",
      "requires": {
        "fuzzysearch": "1.0.3"
      }
    }
  }
}
